
Microsoft Visual Studio Solution File, Format Version 12.00
# Visual Studio Version 17
VisualStudioVersion = 17.5.33516.290
MinimumVisualStudioVersion = 10.0.40219.1
Project("{9A19103F-16F7-4668-BE54-9A1E7A4F7556}") = "Cvjecara backend", "Cvjecara backend\Cvjecara backend.csproj", "{CE6FCF9D-E186-47FF-B22A-12F2C6FE1A73}"
EndProject
Project("{E53339B2-1760-4266-BCC7-CA923CBCF16C}") = "docker-compose", "docker-compose.dcproj", "{9AE4D269-AABD-4676-B631-94B2B0C7EE0E}"
EndProject
Global
	GlobalSection(SolutionConfigurationPlatforms) = preSolution
		Debug|Any CPU = Debug|Any CPU
		Release|Any CPU = Release|Any CPU
	EndGlobalSection
	GlobalSection(ProjectConfigurationPlatforms) = postSolution
		{CE6FCF9D-E186-47FF-B22A-12F2C6FE1A73}.Debug|Any CPU.ActiveCfg = Debug|Any CPU
		{CE6FCF9D-E186-47FF-B22A-12F2C6FE1A73}.Debug|Any CPU.Build.0 = Debug|Any CPU
		{CE6FCF9D-E186-47FF-B22A-12F2C6FE1A73}.Release|Any CPU.ActiveCfg = Release|Any CPU
		{CE6FCF9D-E186-47FF-B22A-12F2C6FE1A73}.Release|Any CPU.Build.0 = Release|Any CPU
		{9AE4D269-AABD-4676-B631-94B2B0C7EE0E}.Debug|Any CPU.ActiveCfg = Debug|Any CPU
		{9AE4D269-AABD-4676-B631-94B2B0C7EE0E}.Debug|Any CPU.Build.0 = Debug|Any CPU
		{9AE4D269-AABD-4676-B631-94B2B0C7EE0E}.Release|Any CPU.ActiveCfg = Release|Any CPU
		{9AE4D269-AABD-4676-B631-94B2B0C7EE0E}.Release|Any CPU.Build.0 = Release|Any CPU
	EndGlobalSection
	GlobalSection(SolutionProperties) = preSolution
		HideSolutionNode = FALSE
	EndGlobalSection
	GlobalSection(ExtensibilityGlobals) = postSolution
		SolutionGuid = {A787AADF-6A8C-43B4-8FB7-12C6F0C7C224}
	EndGlobalSection
EndGlobal
